
Microsoft Visual Studio Solution File, Format Version 12.00
# Visual Studio Version 17
VisualStudioVersion = 17.8.34309.116
MinimumVisualStudioVersion = 10.0.40219.1
Project("{FAE04EC0-301F-11D3-BF4B-00C04F79EFBC}") = "LearnGame26", "LearnGame26\LearnGame26.csproj", "{93AB3EC5-5A06-4EE3-9968-8D912ED01D82}"
EndProject
Global
	GlobalSection(SolutionConfigurationPlatforms) = preSolution
		Debug|Any CPU = Debug|Any CPU
		Release|Any CPU = Release|Any CPU
	EndGlobalSection
	GlobalSection(ProjectConfigurationPlatforms) = postSolution
		{93AB3EC5-5A06-4EE3-9968-8D912ED01D82}.Debug|Any CPU.ActiveCfg = Debug|Any CPU
		{93AB3EC5-5A06-4EE3-9968-8D912ED01D82}.Debug|Any CPU.Build.0 = Debug|Any CPU
		{93AB3EC5-5A06-4EE3-9968-8D912ED01D82}.Release|Any CPU.ActiveCfg = Release|Any CPU
		{93AB3EC5-5A06-4EE3-9968-8D912ED01D82}.Release|Any CPU.Build.0 = Release|Any CPU
	EndGlobalSection
	GlobalSection(SolutionProperties) = preSolution
		HideSolutionNode = FALSE
	EndGlobalSection
	GlobalSection(ExtensibilityGlobals) = postSolution
		SolutionGuid = {0971B44C-D9D1-4CDF-9E82-B8269CC6EF20}
	EndGlobalSection
EndGlobal
